
Microsoft Visual Studio Solution File, Format Version 12.00
Project("{FAE04EC0-301F-11D3-BF4B-00C04F79EFBC}") = "BoredApp", "BoredApp.csproj", "{815E96C9-FD4F-4DFA-8624-A7786BBFA756}"
EndProject
Global
	GlobalSection(SolutionConfigurationPlatforms) = preSolution
		Debug|Any CPU = Debug|Any CPU
		Release|Any CPU = Release|Any CPU
	EndGlobalSection
	GlobalSection(ProjectConfigurationPlatforms) = postSolution
		{815E96C9-FD4F-4DFA-8624-A7786BBFA756}.Debug|Any CPU.ActiveCfg = Debug|Any CPU
		{815E96C9-FD4F-4DFA-8624-A7786BBFA756}.Debug|Any CPU.Build.0 = Debug|Any CPU
		{815E96C9-FD4F-4DFA-8624-A7786BBFA756}.Release|Any CPU.ActiveCfg = Release|Any CPU
		{815E96C9-FD4F-4DFA-8624-A7786BBFA756}.Release|Any CPU.Build.0 = Release|Any CPU
	EndGlobalSection
EndGlobal
